// !$*UTF8*$!
{
	archiveVersion = 1;
	classes = {
	};
	objectVersion = 51;
	objects = {

/* Begin PBXBuildFile section */
		35249F502453A21200851886 /* ButtonExtension.swift in Sources */ = {isa = PBXBuildFile; fileRef = 35249F4F2453A21200851886 /* ButtonExtension.swift */; };
		35968E4F24521BAF003BE136 /* AppDelegate.swift in Sources */ = {isa = PBXBuildFile; fileRef = 35968E4E24521BAF003BE136 /* AppDelegate.swift */; };
		35968E5124521BAF003BE136 /* SceneDelegate.swift in Sources */ = {isa = PBXBuildFile; fileRef = 35968E5024521BAF003BE136 /* SceneDelegate.swift */; };
		35968E5324521BAF003BE136 /* ViewController.swift in Sources */ = {isa = PBXBuildFile; fileRef = 35968E5224521BAF003BE136 /* ViewController.swift */; };
		35968E5624521BAF003BE136 /* Main.storyboard in Resources */ = {isa = PBXBuildFile; fileRef = 35968E5424521BAF003BE136 /* Main.storyboard */; };
		35968E5924521BAF003BE136 /* DollyControl.xcdatamodeld in Sources */ = {isa = PBXBuildFile; fileRef = 35968E5724521BAF003BE136 /* DollyControl.xcdatamodeld */; };
		35968E5B24521BBA003BE136 /* Assets.xcassets in Resources */ = {isa = PBXBuildFile; fileRef = 35968E5A24521BBA003BE136 /* Assets.xcassets */; };
		35968E5E24521BBA003BE136 /* LaunchScreen.storyboard in Resources */ = {isa = PBXBuildFile; fileRef = 35968E5C24521BBA003BE136 /* LaunchScreen.storyboard */; };
		35D6C1432460FF2900A89AA4 /* OptionsViewController.swift in Sources */ = {isa = PBXBuildFile; fileRef = 35D6C1422460FF2900A89AA4 /* OptionsViewController.swift */; };
		F1D7F1789B345A8388768E53 /* Pods_DollyControl.framework in Frameworks */ = {isa = PBXBuildFile; fileRef = 62A6848C7880D7C565B6A44B /* Pods_DollyControl.framework */; };
/* End PBXBuildFile section */

/* Begin PBXFileReference section */
		35249F4F2453A21200851886 /* ButtonExtension.swift */ = {isa = PBXFileReference; lastKnownFileType = sourcecode.swift; path = ButtonExtension.swift; sourceTree = "<group>"; };
		35968E4B24521BAF003BE136 /* DollyControl.app */ = {isa = PBXFileReference; explicitFileType = wrapper.application; includeInIndex = 0; path = DollyControl.app; sourceTree = BUILT_PRODUCTS_DIR; };
		35968E4E24521BAF003BE136 /* AppDelegate.swift */ = {isa = PBXFileReference; lastKnownFileType = sourcecode.swift; path = AppDelegate.swift; sourceTree = "<group>"; };
		35968E5024521BAF003BE136 /* SceneDelegate.swift */ = {isa = PBXFileReference; lastKnownFileType = sourcecode.swift; path = SceneDelegate.swift; sourceTree = "<group>"; };
		35968E5224521BAF003BE136 /* ViewController.swift */ = {isa = PBXFileReference; lastKnownFileType = sourcecode.swift; path = ViewController.swift; sourceTree = "<group>"; };
		35968E5524521BAF003BE136 /* Base */ = {isa = PBXFileReference; lastKnownFileType = file.storyboard; name = Base; path = Base.lproj/Main.storyboard; sourceTree = "<group>"; };
		35968E5824521BAF003BE136 /* DollyControl.xcdatamodel */ = {isa = PBXFileReference; lastKnownFileType = wrapper.xcdatamodel; path = DollyControl.xcdatamodel; sourceTree = "<group>"; };
		35968E5A24521BBA003BE136 /* Assets.xcassets */ = {isa = PBXFileReference; lastKnownFileType = folder.assetcatalog; path = Assets.xcassets; sourceTree = "<group>"; };
		35968E5D24521BBA003BE136 /* Base */ = {isa = PBXFileReference; lastKnownFileType = file.storyboard; name = Base; path = Base.lproj/LaunchScreen.storyboard; sourceTree = "<group>"; };
		35968E5F24521BBA003BE136 /* Info.plist */ = {isa = PBXFileReference; lastKnownFileType = text.plist.xml; path = Info.plist; sourceTree = "<group>"; };
		35D6C1422460FF2900A89AA4 /* OptionsViewController.swift */ = {isa = PBXFileReference; fileEncoding = 4; lastKnownFileType = sourcecode.swift; path = OptionsViewController.swift; sourceTree = "<group>"; };
		62A6848C7880D7C565B6A44B /* Pods_DollyControl.framework */ = {isa = PBXFileReference; explicitFileType = wrapper.framework; includeInIndex = 0; path = Pods_DollyControl.framework; sourceTree = BUILT_PRODUCTS_DIR; };
		ACD08409499713344693DBE2 /* Pods-DollyControl.release.xcconfig */ = {isa = PBXFileReference; includeInIndex = 1; lastKnownFileType = text.xcconfig; name = "Pods-DollyControl.release.xcconfig"; path = "Target Support Files/Pods-DollyControl/Pods-DollyControl.release.xcconfig"; sourceTree = "<group>"; };
		B611FEBFB53683CA8FE5FEAE /* Pods-DollyControl.debug.xcconfig */ = {isa = PBXFileReference; includeInIndex = 1; lastKnownFileType = text.xcconfig; name = "Pods-DollyControl.debug.xcconfig"; path = "Target Support Files/Pods-DollyControl/Pods-DollyControl.debug.xcconfig"; sourceTree = "<group>"; };
/* End PBXFileReference section */

/* Begin PBXFrameworksBuildPhase section */
		35968E4824521BAF003BE136 /* Frameworks */ = {
			isa = PBXFrameworksBuildPhase;
			buildActionMask = 2147483647;
			files = (
				F1D7F1789B345A8388768E53 /* Pods_DollyControl.framework in Frameworks */,
			);
			runOnlyForDeploymentPostprocessing = 0;
		};
/* End PBXFrameworksBuildPhase section */

/* Begin PBXGroup section */
		1A2112BF26A1B1444B08081F /* Pods */ = {
			isa = PBXGroup;
			children = (
				B611FEBFB53683CA8FE5FEAE /* Pods-DollyControl.debug.xcconfig */,
				ACD08409499713344693DBE2 /* Pods-DollyControl.release.xcconfig */,
			);
			path = Pods;
			sourceTree = "<group>";
		};
		35968E4224521BAF003BE136 = {
			isa = PBXGroup;
			children = (
				35968E4D24521BAF003BE136 /* DollyControl */,
				35968E4C24521BAF003BE136 /* Products */,
				1A2112BF26A1B1444B08081F /* Pods */,
				C9C69E6DBAEC3A11CFF2DAE9 /* Frameworks */,
			);
			sourceTree = "<group>";
		};
		35968E4C24521BAF003BE136 /* Products */ = {
			isa = PBXGroup;
			children = (
				35968E4B24521BAF003BE136 /* DollyControl.app */,
			);
			name = Products;
			sourceTree = "<group>";
		};
		35968E4D24521BAF003BE136 /* DollyControl */ = {
			isa = PBXGroup;
			children = (
				35D6C1422460FF2900A89AA4 /* OptionsViewController.swift */,
				35968E4E24521BAF003BE136 /* AppDelegate.swift */,
				35968E5024521BAF003BE136 /* SceneDelegate.swift */,
				35968E5224521BAF003BE136 /* ViewController.swift */,
				35249F4F2453A21200851886 /* ButtonExtension.swift */,
				35968E5424521BAF003BE136 /* Main.storyboard */,
				35968E5A24521BBA003BE136 /* Assets.xcassets */,
				35968E5C24521BBA003BE136 /* LaunchScreen.storyboard */,
				35968E5F24521BBA003BE136 /* Info.plist */,
				35968E5724521BAF003BE136 /* DollyControl.xcdatamodeld */,
			);
			path = DollyControl;
			sourceTree = "<group>";
		};
		C9C69E6DBAEC3A11CFF2DAE9 /* Frameworks */ = {
			isa = PBXGroup;
			children = (
				62A6848C7880D7C565B6A44B /* Pods_DollyControl.framework */,
			);
			name = Frameworks;
			sourceTree = "<group>";
		};
/* End PBXGroup section */

/* Begin PBXNativeTarget section */
		35968E4A24521BAF003BE136 /* DollyControl */ = {
			isa = PBXNativeTarget;
			buildConfigurationList = 35968E6224521BBA003BE136 /* Build configuration list for PBXNativeTarget "DollyControl" */;
			buildPhases = (
				65AC096AB4C087BC6154BAE9 /* [CP] Check Pods Manifest.lock */,
				35968E4724521BAF003BE136 /* Sources */,
				35968E4824521BAF003BE136 /* Frameworks */,
				35968E4924521BAF003BE136 /* Resources */,
				086E7274FAE087085DD7E2BE /* [CP] Embed Pods Frameworks */,
			);
			buildRules = (
			);
			dependencies = (
			);
			name = DollyControl;
			productName = DollyControl;
			productReference = 35968E4B24521BAF003BE136 /* DollyControl.app */;
			productType = "com.apple.product-type.application";
		};
/* End PBXNativeTarget section */

/* Begin PBXProject section */
		35968E4324521BAF003BE136 /* Project object */ = {
			isa = PBXProject;
			attributes = {
				LastSwiftUpdateCheck = 1110;
				LastUpgradeCheck = 1110;
				ORGANIZATIONNAME = "Alejandro Hernández Cortés";
				TargetAttributes = {
					35968E4A24521BAF003BE136 = {
						CreatedOnToolsVersion = 11.1;
					};
				};
			};
			buildConfigurationList = 35968E4624521BAF003BE136 /* Build configuration list for PBXProject "DollyControl" */;
			compatibilityVersion = "Xcode 9.3";
			developmentRegion = en;
			hasScannedForEncodings = 0;
			knownRegions = (
				en,
				Base,
			);
			mainGroup = 35968E4224521BAF003BE136;
			productRefGroup = 35968E4C24521BAF003BE136 /* Products */;
			projectDirPath = "";
			projectRoot = "";
			targets = (
				35968E4A24521BAF003BE136 /* DollyControl */,
			);
		};
/* End PBXProject section */

/* Begin PBXResourcesBuildPhase section */
		35968E4924521BAF003BE136 /* Resources */ = {
			isa = PBXResourcesBuildPhase;
			buildActionMask = 2147483647;
			files = (
				35968E5E24521BBA003BE136 /* LaunchScreen.storyboard in Resources */,
				35968E5B24521BBA003BE136 /* Assets.xcassets in Resources */,
				35968E5624521BAF003BE136 /* Main.storyboard in Resources */,
			);
			runOnlyForDeploymentPostprocessing = 0;
		};
/* End PBXResourcesBuildPhase section */

/* Begin PBXShellScriptBuildPhase section */
		086E7274FAE087085DD7E2BE /* [CP] Embed Pods Frameworks */ = {
			isa = PBXShellScriptBuildPhase;
			buildActionMask = 2147483647;
			files = (
			);
			inputFileListPaths = (
				"${PODS_ROOT}/Target Support Files/Pods-DollyControl/Pods-DollyControl-frameworks-${CONFIGURATION}-input-files.xcfilelist",
			);
			name = "[CP] Embed Pods Frameworks";
			outputFileListPaths = (
				"${PODS_ROOT}/Target Support Files/Pods-DollyControl/Pods-DollyControl-frameworks-${CONFIGURATION}-output-files.xcfilelist",
			);
			runOnlyForDeploymentPostprocessing = 0;
			shellPath = /bin/sh;
			shellScript = "\"${PODS_ROOT}/Target Support Files/Pods-DollyControl/Pods-DollyControl-frameworks.sh\"\n";
			showEnvVarsInLog = 0;
		};
		65AC096AB4C087BC6154BAE9 /* [CP] Check Pods Manifest.lock */ = {
			isa = PBXShellScriptBuildPhase;
			buildActionMask = 2147483647;
			files = (
			);
			inputFileListPaths = (
			);
			inputPaths = (
				"${PODS_PODFILE_DIR_PATH}/Podfile.lock",
				"${PODS_ROOT}/Manifest.lock",
			);
			name = "[CP] Check Pods Manifest.lock";
			outputFileListPaths = (
			);
			outputPaths = (
				"$(DERIVED_FILE_DIR)/Pods-DollyControl-checkManifestLockResult.txt",
			);
			runOnlyForDeploymentPostprocessing = 0;
			shellPath = /bin/sh;
			shellScript = "diff \"${PODS_PODFILE_DIR_PATH}/Podfile.lock\" \"${PODS_ROOT}/Manifest.lock\" > /dev/null\nif [ $? != 0 ] ; then\n    # print error to STDERR\n    echo \"error: The sandbox is not in sync with the Podfile.lock. Run 'pod install' or update your CocoaPods installation.\" >&2\n    exit 1\nfi\n# This output is used by Xcode 'outputs' to avoid re-running this script phase.\necho \"SUCCESS\" > \"${SCRIPT_OUTPUT_FILE_0}\"\n";
			showEnvVarsInLog = 0;
		};
/* End PBXShellScriptBuildPhase section */

/* Begin PBXSourcesBuildPhase section */
		35968E4724521BAF003BE136 /* Sources */ = {
			isa = PBXSourcesBuildPhase;
			buildActionMask = 2147483647;
			files = (
				35968E5324521BAF003BE136 /* ViewController.swift in Sources */,
				35968E4F24521BAF003BE136 /* AppDelegate.swift in Sources */,
				35968E5924521BAF003BE136 /* DollyControl.xcdatamodeld in Sources */,
				35D6C1432460FF2900A89AA4 /* OptionsViewController.swift in Sources */,
				35249F502453A21200851886 /* ButtonExtension.swift in Sources */,
				35968E5124521BAF003BE136 /* SceneDelegate.swift in Sources */,
			);
			runOnlyForDeploymentPostprocessing = 0;
		};
/* End PBXSourcesBuildPhase section */

/* Begin PBXVariantGroup section */
		35968E5424521BAF003BE136 /* Main.storyboard */ = {
			isa = PBXVariantGroup;
			children = (
				35968E5524521BAF003BE136 /* Base */,
			);
			name = Main.storyboard;
			sourceTree = "<group>";
		};
		35968E5C24521BBA003BE136 /* LaunchScreen.storyboard */ = {
			isa = PBXVariantGroup;
			children = (
				35968E5D24521BBA003BE136 /* Base */,
			);
			name = LaunchScreen.storyboard;
			sourceTree = "<group>";
		};
/* End PBXVariantGroup section */

/* Begin XCBuildConfiguration section */
		35968E6024521BBA003BE136 /* Debug */ = {
			isa = XCBuildConfiguration;
			buildSettings = {
				ALWAYS_SEARCH_USER_PATHS = NO;
				CLANG_ANALYZER_NONNULL = YES;
				CLANG_ANALYZER_NUMBER_OBJECT_CONVERSION = YES_AGGRESSIVE;
				CLANG_CXX_LANGUAGE_STANDARD = "gnu++14";
				CLANG_CXX_LIBRARY = "libc++";
				CLANG_ENABLE_MODULES = YES;
				CLANG_ENABLE_OBJC_ARC = YES;
				CLANG_ENABLE_OBJC_WEAK = YES;
				CLANG_WARN_BLOCK_CAPTURE_AUTORELEASING = YES;
				CLANG_WARN_BOOL_CONVERSION = YES;
				CLANG_WARN_COMMA = YES;
				CLANG_WARN_CONSTANT_CONVERSION = YES;
				CLANG_WARN_DEPRECATED_OBJC_IMPLEMENTATIONS = YES;
				CLANG_WARN_DIRECT_OBJC_ISA_USAGE = YES_ERROR;
				CLANG_WARN_DOCUMENTATION_COMMENTS = YES;
				CLANG_WARN_EMPTY_BODY = YES;
				CLANG_WARN_ENUM_CONVERSION = YES;
				CLANG_WARN_INFINITE_RECURSION = YES;
				CLANG_WARN_INT_CONVERSION = YES;
				CLANG_WARN_NON_LITERAL_NULL_CONVERSION = YES;
				CLANG_WARN_OBJC_IMPLICIT_RETAIN_SELF = YES;
				CLANG_WARN_OBJC_LITERAL_CONVERSION = YES;
				CLANG_WARN_OBJC_ROOT_CLASS = YES_ERROR;
				CLANG_WARN_RANGE_LOOP_ANALYSIS = YES;
				CLANG_WARN_STRICT_PROTOTYPES = YES;
				CLANG_WARN_SUSPICIOUS_MOVE = YES;
				CLANG_WARN_UNGUARDED_AVAILABILITY = YES_AGGRESSIVE;
				CLANG_WARN_UNREACHABLE_CODE = YES;
				CLANG_WARN__DUPLICATE_METHOD_MATCH = YES;
				COPY_PHASE_STRIP = NO;
				DEBUG_INFORMATION_FORMAT = dwarf;
				ENABLE_STRICT_OBJC_MSGSEND = YES;
				ENABLE_TESTABILITY = YES;
				GCC_C_LANGUAGE_STANDARD = gnu11;
				GCC_DYNAMIC_NO_PIC = NO;
				GCC_NO_COMMON_BLOCKS = YES;
				GCC_OPTIMIZATION_LEVEL = 0;
				GCC_PREPROCESSOR_DEFINITIONS = (
					"DEBUG=1",
					"$(inherited)",
				);
				GCC_WARN_64_TO_32_BIT_CONVERSION = YES;
				GCC_WARN_ABOUT_RETURN_TYPE = YES_ERROR;
				GCC_WARN_UNDECLARED_SELECTOR = YES;
				GCC_WARN_UNINITIALIZED_AUTOS = YES_AGGRESSIVE;
				GCC_WARN_UNUSED_FUNCTION = YES;
				GCC_WARN_UNUSED_VARIABLE = YES;
				IPHONEOS_DEPLOYMENT_TARGET = 13.1;
				MTL_ENABLE_DEBUG_INFO = INCLUDE_SOURCE;
				MTL_FAST_MATH = YES;
				ONLY_ACTIVE_ARCH = YES;
				SDKROOT = iphoneos;
				SWIFT_ACTIVE_COMPILATION_CONDITIONS = DEBUG;
				SWIFT_OPTIMIZATION_LEVEL = "-Onone";
			};
			name = Debug;
		};
		35968E6124521BBA003BE136 /* Release */ = {
			isa = XCBuildConfiguration;
			buildSettings = {
				ALWAYS_SEARCH_USER_PATHS = NO;
				CLANG_ANALYZER_NONNULL = YES;
				CLANG_ANALYZER_NUMBER_OBJECT_CONVERSION = YES_AGGRESSIVE;
				CLANG_CXX_LANGUAGE_STANDARD = "gnu++14";
				CLANG_CXX_LIBRARY = "libc++";
				CLANG_ENABLE_MODULES = YES;
				CLANG_ENABLE_OBJC_ARC = YES;
				CLANG_ENABLE_OBJC_WEAK = YES;
				CLANG_WARN_BLOCK_CAPTURE_AUTORELEASING = YES;
				CLANG_WARN_BOOL_CONVERSION = YES;
				CLANG_WARN_COMMA = YES;
				CLANG_WARN_CONSTANT_CONVERSION = YES;
				CLANG_WARN_DEPRECATED_OBJC_IMPLEMENTATIONS = YES;
				CLANG_WARN_DIRECT_OBJC_ISA_USAGE = YES_ERROR;
				CLANG_WARN_DOCUMENTATION_COMMENTS = YES;
				CLANG_WARN_EMPTY_BODY = YES;
				CLANG_WARN_ENUM_CONVERSION = YES;
				CLANG_WARN_INFINITE_RECURSION = YES;
				CLANG_WARN_INT_CONVERSION = YES;
				CLANG_WARN_NON_LITERAL_NULL_CONVERSION = YES;
				CLANG_WARN_OBJC_IMPLICIT_RETAIN_SELF = YES;
				CLANG_WARN_OBJC_LITERAL_CONVERSION = YES;
				CLANG_WARN_OBJC_ROOT_CLASS = YES_ERROR;
				CLANG_WARN_RANGE_LOOP_ANALYSIS = YES;
				CLANG_WARN_STRICT_PROTOTYPES = YES;
				CLANG_WARN_SUSPICIOUS_MOVE = YES;
				CLANG_WARN_UNGUARDED_AVAILABILITY = YES_AGGRESSIVE;
				CLANG_WARN_UNREACHABLE_CODE = YES;
				CLANG_WARN__DUPLICATE_METHOD_MATCH = YES;
				COPY_PHASE_STRIP = NO;
				DEBUG_INFORMATION_FORMAT = "dwarf-with-dsym";
				ENABLE_NS_ASSERTIONS = NO;
				ENABLE_STRICT_OBJC_MSGSEND = YES;
				GCC_C_LANGUAGE_STANDARD = gnu11;
				GCC_NO_COMMON_BLOCKS = YES;
				GCC_WARN_64_TO_32_BIT_CONVERSION = YES;
				GCC_WARN_ABOUT_RETURN_TYPE = YES_ERROR;
				GCC_WARN_UNDECLARED_SELECTOR = YES;
				GCC_WARN_UNINITIALIZED_AUTOS = YES_AGGRESSIVE;
				GCC_WARN_UNUSED_FUNCTION = YES;
				GCC_WARN_UNUSED_VARIABLE = YES;
				IPHONEOS_DEPLOYMENT_TARGET = 13.1;
				MTL_ENABLE_DEBUG_INFO = NO;
				MTL_FAST_MATH = YES;
				SDKROOT = iphoneos;
				SWIFT_COMPILATION_MODE = wholemodule;
				SWIFT_OPTIMIZATION_LEVEL = "-O";
				VALIDATE_PRODUCT = YES;
			};
			name = Release;
		};
		35968E6324521BBA003BE136 /* Debug */ = {
			isa = XCBuildConfiguration;
			baseConfigurationReference = B611FEBFB53683CA8FE5FEAE /* Pods-DollyControl.debug.xcconfig */;
			buildSettings = {
				ASSETCATALOG_COMPILER_APPICON_NAME = AppIcon;
				CODE_SIGN_STYLE = Automatic;
				DEVELOPMENT_TEAM = 3RTBP8YQ3P;
				INFOPLIST_FILE = DollyControl/Info.plist;
				IPHONEOS_DEPLOYMENT_TARGET = 12.4;
				LD_RUNPATH_SEARCH_PATHS = (
					"$(inherited)",
					"@executable_path/Frameworks",
				);
				PRODUCT_BUNDLE_IDENTIFIER = com.AlexFoo.DollyControl;
				PRODUCT_NAME = "$(TARGET_NAME)";
				SWIFT_VERSION = 5.0;
				TARGETED_DEVICE_FAMILY = "1,2";
			};
			name = Debug;
		};
		35968E6424521BBA003BE136 /* Release */ = {
			isa = XCBuildConfiguration;
			baseConfigurationReference = ACD08409499713344693DBE2 /* Pods-DollyControl.release.xcconfig */;
			buildSettings = {
				ASSETCATALOG_COMPILER_APPICON_NAME = AppIcon;
				CODE_SIGN_STYLE = Automatic;
				DEVELOPMENT_TEAM = 3RTBP8YQ3P;
				INFOPLIST_FILE = DollyControl/Info.plist;
				IPHONEOS_DEPLOYMENT_TARGET = 12.4;
				LD_RUNPATH_SEARCH_PATHS = (
					"$(inherited)",
					"@executable_path/Frameworks",
				);
				PRODUCT_BUNDLE_IDENTIFIER = com.AlexFoo.DollyControl;
				PRODUCT_NAME = "$(TARGET_NAME)";
				SWIFT_VERSION = 5.0;
				TARGETED_DEVICE_FAMILY = "1,2";
			};
			name = Release;
		};
/* End XCBuildConfiguration section */

/* Begin XCConfigurationList section */
		35968E4624521BAF003BE136 /* Build configuration list for PBXProject "DollyControl" */ = {
			isa = XCConfigurationList;
			buildConfigurations = (
				35968E6024521BBA003BE136 /* Debug */,
				35968E6124521BBA003BE136 /* Release */,
			);
			defaultConfigurationIsVisible = 0;
			defaultConfigurationName = Release;
		};
		35968E6224521BBA003BE136 /* Build configuration list for PBXNativeTarget "DollyControl" */ = {
			isa = XCConfigurationList;
			buildConfigurations = (
				35968E6324521BBA003BE136 /* Debug */,
				35968E6424521BBA003BE136 /* Release */,
			);
			defaultConfigurationIsVisible = 0;
			defaultConfigurationName = Release;
		};
/* End XCConfigurationList section */

/* Begin XCVersionGroup section */
		35968E5724521BAF003BE136 /* DollyControl.xcdatamodeld */ = {
			isa = XCVersionGroup;
			children = (
				35968E5824521BAF003BE136 /* DollyControl.xcdatamodel */,
			);
			currentVersion = 35968E5824521BAF003BE136 /* DollyControl.xcdatamodel */;
			path = DollyControl.xcdatamodeld;
			sourceTree = "<group>";
			versionGroupType = wrapper.xcdatamodel;
		};
/* End XCVersionGroup section */
	};
	rootObject = 35968E4324521BAF003BE136 /* Project object */;
}
